<?xml version="1.0" encoding="utf-8"?>
<Project ToolsVersion="4.0" xmlns="http://schemas.microsoft.com/developer/msbuild/2003">
  <ItemGroup>
    <Filter Include="LinkedList">
      <UniqueIdentifier>{93995380-89BD-4b04-88EB-625FBE52EBFB}</UniqueIdentifier>
      <Extensions>h;hh;hpp;hxx;hm;inl;inc;xsd</Extensions>
    </Filter>
    <Filter Include="Main">
      <UniqueIdentifier>{4FC737F1-C7A5-4376-A066-2A32D752A2FF}</UniqueIdentifier>
      <Extensions>cpp;c;cc;cxx;def;odl;idl;hpj;bat;asm;asmx</Extensions>
    </Filter>
    <Filter Include="BST">
      <UniqueIdentifier>{91808c7e-3a72-46a8-82ed-f86fa85f7976}</UniqueIdentifier>
    </Filter>
    <Filter Include="DoubleLinkedList">
      <UniqueIdentifier>{d42cf90d-6e02-4561-80bb-882ed9df22b3}</UniqueIdentifier>
    </Filter>
    <Filter Include="AVLTree">
      <UniqueIdentifier>{3f5cb4fe-00d3-499a-8b00-8f6f64569ffd}</UniqueIdentifier>
    </Filter>
  </ItemGroup>
  <ItemGroup>
    <ClCompile Include="Main.cpp">
      <Filter>Main</Filter>
    </ClCompile>
    <ClCompile Include="LLNode.cpp">
      <Filter>LinkedList</Filter>
    </ClCompile>
    <ClCompile Include="BSTNode.cpp">
      <Filter>BST</Filter>
    </ClCompile>
    <ClCompile Include="LinkedList.cpp">
      <Filter>LinkedList</Filter>
    </ClCompile>
    <ClCompile Include="BST.cpp">
      <Filter>BST</Filter>
    </ClCompile>
    <ClCompile Include="DLLNode.cpp">
      <Filter>DoubleLinkedList</Filter>
    </ClCompile>
    <ClCompile Include="DoubleLinkedList.cpp">
      <Filter>DoubleLinkedList</Filter>
    </ClCompile>
    <ClCompile Include="AVLNode.cpp">
      <Filter>AVLTree</Filter>
    </ClCompile>
    <ClCompile Include="AVLTree.cpp">
      <Filter>AVLTree</Filter>
    </ClCompile>
  </ItemGroup>
  <ItemGroup>
    <ClInclude Include="LLNode.h">
      <Filter>LinkedList</Filter>
    </ClInclude>
    <ClInclude Include="LinkedList.h">
      <Filter>LinkedList</Filter>
    </ClInclude>
    <ClInclude Include="BSTNode.h">
      <Filter>BST</Filter>
    </ClInclude>
    <ClInclude Include="BST.h">
      <Filter>BST</Filter>
    </ClInclude>
    <ClInclude Include="DLLNode.h">
      <Filter>DoubleLinkedList</Filter>
    </ClInclude>
    <ClInclude Include="DoubleLinkedList.h">
      <Filter>DoubleLinkedList</Filter>
    </ClInclude>
    <ClInclude Include="AVLNode.h">
      <Filter>AVLTree</Filter>
    </ClInclude>
    <ClInclude Include="AVLTree.h">
      <Filter>AVLTree</Filter>
    </ClInclude>
  </ItemGroup>
</Project>